
Microsoft Visual Studio Solution File, Format Version 12.00
# Visual Studio Version 17
VisualStudioVersion = 17.14.36717.8 d17.14
MinimumVisualStudioVersion = 10.0.40219.1
Project("{FAE04EC0-301F-11D3-BF4B-00C04F79EFBC}") = "lab2", "lab2\lab2.csproj", "{F764CDFE-51C9-4400-B5EC-A6A7C27CC3DF}"
EndProject
Global
	GlobalSection(SolutionConfigurationPlatforms) = preSolution
		Debug|Any CPU = Debug|Any CPU
		Release|Any CPU = Release|Any CPU
	EndGlobalSection
	GlobalSection(ProjectConfigurationPlatforms) = postSolution
		{F764CDFE-51C9-4400-B5EC-A6A7C27CC3DF}.Debug|Any CPU.ActiveCfg = Debug|Any CPU
		{F764CDFE-51C9-4400-B5EC-A6A7C27CC3DF}.Debug|Any CPU.Build.0 = Debug|Any CPU
		{F764CDFE-51C9-4400-B5EC-A6A7C27CC3DF}.Release|Any CPU.ActiveCfg = Release|Any CPU
		{F764CDFE-51C9-4400-B5EC-A6A7C27CC3DF}.Release|Any CPU.Build.0 = Release|Any CPU
	EndGlobalSection
	GlobalSection(SolutionProperties) = preSolution
		HideSolutionNode = FALSE
	EndGlobalSection
	GlobalSection(ExtensibilityGlobals) = postSolution
		SolutionGuid = {7492A3DD-B4F1-4E72-AE79-24C57276D87F}
	EndGlobalSection
EndGlobal
