
Microsoft Visual Studio Solution File, Format Version 12.00
# Visual Studio Version 17
VisualStudioVersion = 17.14.36705.20 d17.14
MinimumVisualStudioVersion = 10.0.40219.1
Project("{FAE04EC0-301F-11D3-BF4B-00C04F79EFBC}") = "Lab2", "Lab2\Lab2.csproj", "{58129970-B3A6-4569-8964-6F9E4D6EBE11}"
EndProject
Global
	GlobalSection(SolutionConfigurationPlatforms) = preSolution
		Debug|Any CPU = Debug|Any CPU
		Release|Any CPU = Release|Any CPU
	EndGlobalSection
	GlobalSection(ProjectConfigurationPlatforms) = postSolution
		{58129970-B3A6-4569-8964-6F9E4D6EBE11}.Debug|Any CPU.ActiveCfg = Debug|Any CPU
		{58129970-B3A6-4569-8964-6F9E4D6EBE11}.Debug|Any CPU.Build.0 = Debug|Any CPU
		{58129970-B3A6-4569-8964-6F9E4D6EBE11}.Release|Any CPU.ActiveCfg = Release|Any CPU
		{58129970-B3A6-4569-8964-6F9E4D6EBE11}.Release|Any CPU.Build.0 = Release|Any CPU
	EndGlobalSection
	GlobalSection(SolutionProperties) = preSolution
		HideSolutionNode = FALSE
	EndGlobalSection
	GlobalSection(ExtensibilityGlobals) = postSolution
		SolutionGuid = {1F0D213B-0CDD-4DDD-806A-4330A49CDF80}
	EndGlobalSection
EndGlobal
